
Microsoft Visual Studio Solution File, Format Version 12.00
# Visual Studio Version 17
VisualStudioVersion = 17.4.33110.190
MinimumVisualStudioVersion = 10.0.40219.1
Project("{9A19103F-16F7-4668-BE54-9A1E7A4F7556}") = "AOC01A", "AOC01A\AOC01A.csproj", "{06142FD6-B01A-4E92-81AB-0DF2CEFCD9AF}"
EndProject
Project("{9A19103F-16F7-4668-BE54-9A1E7A4F7556}") = "Data", "Data\Data.csproj", "{852745B2-50A7-474F-83BD-8B226F1DE047}"
EndProject
Project("{9A19103F-16F7-4668-BE54-9A1E7A4F7556}") = "AOC01B", "AOC01B\AOC01B.csproj", "{4E6DF34C-C13F-46B5-BA32-654F04D41AE1}"
EndProject
Project("{9A19103F-16F7-4668-BE54-9A1E7A4F7556}") = "AOC02A", "AOC02A\AOC02A.csproj", "{4631F3BF-4FB3-450D-B9C6-812EDB6F9C0F}"
EndProject
Project("{9A19103F-16F7-4668-BE54-9A1E7A4F7556}") = "AOC02B", "AOC02B\AOC02B.csproj", "{00E366BA-7BB9-444D-978B-D3D809B684B4}"
EndProject
Project("{9A19103F-16F7-4668-BE54-9A1E7A4F7556}") = "AOC03A", "AOC03A\AOC03A.csproj", "{F9B04BBD-C857-49DB-9EF8-0EF9394378F2}"
EndProject
Project("{FAE04EC0-301F-11D3-BF4B-00C04F79EFBC}") = "AOC03B", "AOC03B\AOC03B.csproj", "{71120C98-200D-4775-B8B7-AE2D4E333A44}"
EndProject
Project("{FAE04EC0-301F-11D3-BF4B-00C04F79EFBC}") = "AOC04A", "AOC04A\AOC04A.csproj", "{7E9D573A-2C6C-479F-B16B-12735CD6811B}"
EndProject
Project("{FAE04EC0-301F-11D3-BF4B-00C04F79EFBC}") = "AOC05A", "AOC05A\AOC05A.csproj", "{D0E6E90D-96F7-4E46-9A47-85DC5A072762}"
EndProject
Project("{FAE04EC0-301F-11D3-BF4B-00C04F79EFBC}") = "AOC06A", "AOC06A\AOC06A.csproj", "{0C4A52F0-C9C7-4E28-90F2-6E32ED9E6885}"
EndProject
Global
	GlobalSection(SolutionConfigurationPlatforms) = preSolution
		Debug|Any CPU = Debug|Any CPU
		Release|Any CPU = Release|Any CPU
	EndGlobalSection
	GlobalSection(ProjectConfigurationPlatforms) = postSolution
		{06142FD6-B01A-4E92-81AB-0DF2CEFCD9AF}.Debug|Any CPU.ActiveCfg = Debug|Any CPU
		{06142FD6-B01A-4E92-81AB-0DF2CEFCD9AF}.Debug|Any CPU.Build.0 = Debug|Any CPU
		{06142FD6-B01A-4E92-81AB-0DF2CEFCD9AF}.Release|Any CPU.ActiveCfg = Release|Any CPU
		{06142FD6-B01A-4E92-81AB-0DF2CEFCD9AF}.Release|Any CPU.Build.0 = Release|Any CPU
		{852745B2-50A7-474F-83BD-8B226F1DE047}.Debug|Any CPU.ActiveCfg = Debug|Any CPU
		{852745B2-50A7-474F-83BD-8B226F1DE047}.Debug|Any CPU.Build.0 = Debug|Any CPU
		{852745B2-50A7-474F-83BD-8B226F1DE047}.Release|Any CPU.ActiveCfg = Release|Any CPU
		{852745B2-50A7-474F-83BD-8B226F1DE047}.Release|Any CPU.Build.0 = Release|Any CPU
		{4E6DF34C-C13F-46B5-BA32-654F04D41AE1}.Debug|Any CPU.ActiveCfg = Debug|Any CPU
		{4E6DF34C-C13F-46B5-BA32-654F04D41AE1}.Debug|Any CPU.Build.0 = Debug|Any CPU
		{4E6DF34C-C13F-46B5-BA32-654F04D41AE1}.Release|Any CPU.ActiveCfg = Release|Any CPU
		{4E6DF34C-C13F-46B5-BA32-654F04D41AE1}.Release|Any CPU.Build.0 = Release|Any CPU
		{4631F3BF-4FB3-450D-B9C6-812EDB6F9C0F}.Debug|Any CPU.ActiveCfg = Debug|Any CPU
		{4631F3BF-4FB3-450D-B9C6-812EDB6F9C0F}.Debug|Any CPU.Build.0 = Debug|Any CPU
		{4631F3BF-4FB3-450D-B9C6-812EDB6F9C0F}.Release|Any CPU.ActiveCfg = Release|Any CPU
		{4631F3BF-4FB3-450D-B9C6-812EDB6F9C0F}.Release|Any CPU.Build.0 = Release|Any CPU
		{00E366BA-7BB9-444D-978B-D3D809B684B4}.Debug|Any CPU.ActiveCfg = Debug|Any CPU
		{00E366BA-7BB9-444D-978B-D3D809B684B4}.Debug|Any CPU.Build.0 = Debug|Any CPU
		{00E366BA-7BB9-444D-978B-D3D809B684B4}.Release|Any CPU.ActiveCfg = Release|Any CPU
		{00E366BA-7BB9-444D-978B-D3D809B684B4}.Release|Any CPU.Build.0 = Release|Any CPU
		{F9B04BBD-C857-49DB-9EF8-0EF9394378F2}.Debug|Any CPU.ActiveCfg = Debug|Any CPU
		{F9B04BBD-C857-49DB-9EF8-0EF9394378F2}.Debug|Any CPU.Build.0 = Debug|Any CPU
		{F9B04BBD-C857-49DB-9EF8-0EF9394378F2}.Release|Any CPU.ActiveCfg = Release|Any CPU
		{F9B04BBD-C857-49DB-9EF8-0EF9394378F2}.Release|Any CPU.Build.0 = Release|Any CPU
		{71120C98-200D-4775-B8B7-AE2D4E333A44}.Debug|Any CPU.ActiveCfg = Debug|Any CPU
		{71120C98-200D-4775-B8B7-AE2D4E333A44}.Debug|Any CPU.Build.0 = Debug|Any CPU
		{71120C98-200D-4775-B8B7-AE2D4E333A44}.Release|Any CPU.ActiveCfg = Release|Any CPU
		{71120C98-200D-4775-B8B7-AE2D4E333A44}.Release|Any CPU.Build.0 = Release|Any CPU
		{7E9D573A-2C6C-479F-B16B-12735CD6811B}.Debug|Any CPU.ActiveCfg = Debug|Any CPU
		{7E9D573A-2C6C-479F-B16B-12735CD6811B}.Debug|Any CPU.Build.0 = Debug|Any CPU
		{7E9D573A-2C6C-479F-B16B-12735CD6811B}.Release|Any CPU.ActiveCfg = Release|Any CPU
		{7E9D573A-2C6C-479F-B16B-12735CD6811B}.Release|Any CPU.Build.0 = Release|Any CPU
		{D0E6E90D-96F7-4E46-9A47-85DC5A072762}.Debug|Any CPU.ActiveCfg = Debug|Any CPU
		{D0E6E90D-96F7-4E46-9A47-85DC5A072762}.Debug|Any CPU.Build.0 = Debug|Any CPU
		{D0E6E90D-96F7-4E46-9A47-85DC5A072762}.Release|Any CPU.ActiveCfg = Release|Any CPU
		{D0E6E90D-96F7-4E46-9A47-85DC5A072762}.Release|Any CPU.Build.0 = Release|Any CPU
		{0C4A52F0-C9C7-4E28-90F2-6E32ED9E6885}.Debug|Any CPU.ActiveCfg = Debug|Any CPU
		{0C4A52F0-C9C7-4E28-90F2-6E32ED9E6885}.Debug|Any CPU.Build.0 = Debug|Any CPU
		{0C4A52F0-C9C7-4E28-90F2-6E32ED9E6885}.Release|Any CPU.ActiveCfg = Release|Any CPU
		{0C4A52F0-C9C7-4E28-90F2-6E32ED9E6885}.Release|Any CPU.Build.0 = Release|Any CPU
	EndGlobalSection
	GlobalSection(SolutionProperties) = preSolution
		HideSolutionNode = FALSE
	EndGlobalSection
	GlobalSection(ExtensibilityGlobals) = postSolution
		SolutionGuid = {8F2460FA-FA1B-4BA5-9F26-6401A33480DC}
	EndGlobalSection
EndGlobal
